// !$*UTF8*$!
{
	archiveVersion = 1;
	classes = {
	};
	objectVersion = 50;
	objects = {

/* Begin PBXBuildFile section */
		6C67DF81252DDED500E2775A /* AppDelegate.swift in Sources */ = {isa = PBXBuildFile; fileRef = 6C67DF80252DDED500E2775A /* AppDelegate.swift */; };
		6C67DF83252DDED500E2775A /* SceneDelegate.swift in Sources */ = {isa = PBXBuildFile; fileRef = 6C67DF82252DDED500E2775A /* SceneDelegate.swift */; };
		6C67DF85252DDED500E2775A /* ViewController.swift in Sources */ = {isa = PBXBuildFile; fileRef = 6C67DF84252DDED500E2775A /* ViewController.swift */; };
		6C67DF88252DDED500E2775A /* Main.storyboard in Resources */ = {isa = PBXBuildFile; fileRef = 6C67DF86252DDED500E2775A /* Main.storyboard */; };
		6C67DF8B252DDED500E2775A /* Veritabani_CORE_DAT.xcdatamodeld in Sources */ = {isa = PBXBuildFile; fileRef = 6C67DF89252DDED500E2775A /* Veritabani_CORE_DAT.xcdatamodeld */; };
		6C67DF8D252DDED500E2775A /* Assets.xcassets in Resources */ = {isa = PBXBuildFile; fileRef = 6C67DF8C252DDED500E2775A /* Assets.xcassets */; };
		6C67DF90252DDED500E2775A /* LaunchScreen.storyboard in Resources */ = {isa = PBXBuildFile; fileRef = 6C67DF8E252DDED500E2775A /* LaunchScreen.storyboard */; };
		6C67DF9B252DDED500E2775A /* Veritabani_CORE_DATTests.swift in Sources */ = {isa = PBXBuildFile; fileRef = 6C67DF9A252DDED500E2775A /* Veritabani_CORE_DATTests.swift */; };
		6C67DFA6252DDED500E2775A /* Veritabani_CORE_DATUITests.swift in Sources */ = {isa = PBXBuildFile; fileRef = 6C67DFA5252DDED500E2775A /* Veritabani_CORE_DATUITests.swift */; };
		6C67DFB7252DE0F700E2775A /* DetailsViewController.swift in Sources */ = {isa = PBXBuildFile; fileRef = 6C67DFB6252DE0F700E2775A /* DetailsViewController.swift */; };
/* End PBXBuildFile section */

/* Begin PBXContainerItemProxy section */
		6C67DF97252DDED500E2775A /* PBXContainerItemProxy */ = {
			isa = PBXContainerItemProxy;
			containerPortal = 6C67DF75252DDED500E2775A /* Project object */;
			proxyType = 1;
			remoteGlobalIDString = 6C67DF7C252DDED500E2775A;
			remoteInfo = "Veritabani-CORE-DAT";
		};
		6C67DFA2252DDED500E2775A /* PBXContainerItemProxy */ = {
			isa = PBXContainerItemProxy;
			containerPortal = 6C67DF75252DDED500E2775A /* Project object */;
			proxyType = 1;
			remoteGlobalIDString = 6C67DF7C252DDED500E2775A;
			remoteInfo = "Veritabani-CORE-DAT";
		};
/* End PBXContainerItemProxy section */

/* Begin PBXFileReference section */
		6C67DF7D252DDED500E2775A /* Veritabani-CORE-DAT.app */ = {isa = PBXFileReference; explicitFileType = wrapper.application; includeInIndex = 0; path = "Veritabani-CORE-DAT.app"; sourceTree = BUILT_PRODUCTS_DIR; };
		6C67DF80252DDED500E2775A /* AppDelegate.swift */ = {isa = PBXFileReference; lastKnownFileType = sourcecode.swift; path = AppDelegate.swift; sourceTree = "<group>"; };
		6C67DF82252DDED500E2775A /* SceneDelegate.swift */ = {isa = PBXFileReference; lastKnownFileType = sourcecode.swift; path = SceneDelegate.swift; sourceTree = "<group>"; };
		6C67DF84252DDED500E2775A /* ViewController.swift */ = {isa = PBXFileReference; lastKnownFileType = sourcecode.swift; path = ViewController.swift; sourceTree = "<group>"; };
		6C67DF87252DDED500E2775A /* Base */ = {isa = PBXFileReference; lastKnownFileType = file.storyboard; name = Base; path = Base.lproj/Main.storyboard; sourceTree = "<group>"; };
		6C67DF8A252DDED500E2775A /* Veritabani_CORE_DAT.xcdatamodel */ = {isa = PBXFileReference; lastKnownFileType = wrapper.xcdatamodel; path = Veritabani_CORE_DAT.xcdatamodel; sourceTree = "<group>"; };
		6C67DF8C252DDED500E2775A /* Assets.xcassets */ = {isa = PBXFileReference; lastKnownFileType = folder.assetcatalog; path = Assets.xcassets; sourceTree = "<group>"; };
		6C67DF8F252DDED500E2775A /* Base */ = {isa = PBXFileReference; lastKnownFileType = file.storyboard; name = Base; path = Base.lproj/LaunchScreen.storyboard; sourceTree = "<group>"; };
		6C67DF91252DDED500E2775A /* Info.plist */ = {isa = PBXFileReference; lastKnownFileType = text.plist.xml; path = Info.plist; sourceTree = "<group>"; };
		6C67DF96252DDED500E2775A /* Veritabani-CORE-DATTests.xctest */ = {isa = PBXFileReference; explicitFileType = wrapper.cfbundle; includeInIndex = 0; path = "Veritabani-CORE-DATTests.xctest"; sourceTree = BUILT_PRODUCTS_DIR; };
		6C67DF9A252DDED500E2775A /* Veritabani_CORE_DATTests.swift */ = {isa = PBXFileReference; lastKnownFileType = sourcecode.swift; path = Veritabani_CORE_DATTests.swift; sourceTree = "<group>"; };
		6C67DF9C252DDED500E2775A /* Info.plist */ = {isa = PBXFileReference; lastKnownFileType = text.plist.xml; path = Info.plist; sourceTree = "<group>"; };
		6C67DFA1252DDED500E2775A /* Veritabani-CORE-DATUITests.xctest */ = {isa = PBXFileReference; explicitFileType = wrapper.cfbundle; includeInIndex = 0; path = "Veritabani-CORE-DATUITests.xctest"; sourceTree = BUILT_PRODUCTS_DIR; };
		6C67DFA5252DDED500E2775A /* Veritabani_CORE_DATUITests.swift */ = {isa = PBXFileReference; lastKnownFileType = sourcecode.swift; path = Veritabani_CORE_DATUITests.swift; sourceTree = "<group>"; };
		6C67DFA7252DDED500E2775A /* Info.plist */ = {isa = PBXFileReference; lastKnownFileType = text.plist.xml; path = Info.plist; sourceTree = "<group>"; };
		6C67DFB6252DE0F700E2775A /* DetailsViewController.swift */ = {isa = PBXFileReference; lastKnownFileType = sourcecode.swift; path = DetailsViewController.swift; sourceTree = "<group>"; };
/* End PBXFileReference section */

/* Begin PBXFrameworksBuildPhase section */
		6C67DF7A252DDED500E2775A /* Frameworks */ = {
			isa = PBXFrameworksBuildPhase;
			buildActionMask = 2147483647;
			files = (
			);
			runOnlyForDeploymentPostprocessing = 0;
		};
		6C67DF93252DDED500E2775A /* Frameworks */ = {
			isa = PBXFrameworksBuildPhase;
			buildActionMask = 2147483647;
			files = (
			);
			runOnlyForDeploymentPostprocessing = 0;
		};
		6C67DF9E252DDED500E2775A /* Frameworks */ = {
			isa = PBXFrameworksBuildPhase;
			buildActionMask = 2147483647;
			files = (
			);
			runOnlyForDeploymentPostprocessing = 0;
		};
/* End PBXFrameworksBuildPhase section */

/* Begin PBXGroup section */
		6C67DF74252DDED500E2775A = {
			isa = PBXGroup;
			children = (
				6C67DF7F252DDED500E2775A /* Veritabani-CORE-DAT */,
				6C67DF99252DDED500E2775A /* Veritabani-CORE-DATTests */,
				6C67DFA4252DDED500E2775A /* Veritabani-CORE-DATUITests */,
				6C67DF7E252DDED500E2775A /* Products */,
			);
			sourceTree = "<group>";
		};
		6C67DF7E252DDED500E2775A /* Products */ = {
			isa = PBXGroup;
			children = (
				6C67DF7D252DDED500E2775A /* Veritabani-CORE-DAT.app */,
				6C67DF96252DDED500E2775A /* Veritabani-CORE-DATTests.xctest */,
				6C67DFA1252DDED500E2775A /* Veritabani-CORE-DATUITests.xctest */,
			);
			name = Products;
			sourceTree = "<group>";
		};
		6C67DF7F252DDED500E2775A /* Veritabani-CORE-DAT */ = {
			isa = PBXGroup;
			children = (
				6C67DF80252DDED500E2775A /* AppDelegate.swift */,
				6C67DF82252DDED500E2775A /* SceneDelegate.swift */,
				6C67DF84252DDED500E2775A /* ViewController.swift */,
				6C67DFB6252DE0F700E2775A /* DetailsViewController.swift */,
				6C67DF86252DDED500E2775A /* Main.storyboard */,
				6C67DF8C252DDED500E2775A /* Assets.xcassets */,
				6C67DF8E252DDED500E2775A /* LaunchScreen.storyboard */,
				6C67DF91252DDED500E2775A /* Info.plist */,
				6C67DF89252DDED500E2775A /* Veritabani_CORE_DAT.xcdatamodeld */,
			);
			path = "Veritabani-CORE-DAT";
			sourceTree = "<group>";
		};
		6C67DF99252DDED500E2775A /* Veritabani-CORE-DATTests */ = {
			isa = PBXGroup;
			children = (
				6C67DF9A252DDED500E2775A /* Veritabani_CORE_DATTests.swift */,
				6C67DF9C252DDED500E2775A /* Info.plist */,
			);
			path = "Veritabani-CORE-DATTests";
			sourceTree = "<group>";
		};
		6C67DFA4252DDED500E2775A /* Veritabani-CORE-DATUITests */ = {
			isa = PBXGroup;
			children = (
				6C67DFA5252DDED500E2775A /* Veritabani_CORE_DATUITests.swift */,
				6C67DFA7252DDED500E2775A /* Info.plist */,
			);
			path = "Veritabani-CORE-DATUITests";
			sourceTree = "<group>";
		};
/* End PBXGroup section */

/* Begin PBXNativeTarget section */
		6C67DF7C252DDED500E2775A /* Veritabani-CORE-DAT */ = {
			isa = PBXNativeTarget;
			buildConfigurationList = 6C67DFAA252DDED600E2775A /* Build configuration list for PBXNativeTarget "Veritabani-CORE-DAT" */;
			buildPhases = (
				6C67DF79252DDED500E2775A /* Sources */,
				6C67DF7A252DDED500E2775A /* Frameworks */,
				6C67DF7B252DDED500E2775A /* Resources */,
			);
			buildRules = (
			);
			dependencies = (
			);
			name = "Veritabani-CORE-DAT";
			productName = "Veritabani-CORE-DAT";
			productReference = 6C67DF7D252DDED500E2775A /* Veritabani-CORE-DAT.app */;
			productType = "com.apple.product-type.application";
		};
		6C67DF95252DDED500E2775A /* Veritabani-CORE-DATTests */ = {
			isa = PBXNativeTarget;
			buildConfigurationList = 6C67DFAD252DDED600E2775A /* Build configuration list for PBXNativeTarget "Veritabani-CORE-DATTests" */;
			buildPhases = (
				6C67DF92252DDED500E2775A /* Sources */,
				6C67DF93252DDED500E2775A /* Frameworks */,
				6C67DF94252DDED500E2775A /* Resources */,
			);
			buildRules = (
			);
			dependencies = (
				6C67DF98252DDED500E2775A /* PBXTargetDependency */,
			);
			name = "Veritabani-CORE-DATTests";
			productName = "Veritabani-CORE-DATTests";
			productReference = 6C67DF96252DDED500E2775A /* Veritabani-CORE-DATTests.xctest */;
			productType = "com.apple.product-type.bundle.unit-test";
		};
		6C67DFA0252DDED500E2775A /* Veritabani-CORE-DATUITests */ = {
			isa = PBXNativeTarget;
			buildConfigurationList = 6C67DFB0252DDED600E2775A /* Build configuration list for PBXNativeTarget "Veritabani-CORE-DATUITests" */;
			buildPhases = (
				6C67DF9D252DDED500E2775A /* Sources */,
				6C67DF9E252DDED500E2775A /* Frameworks */,
				6C67DF9F252DDED500E2775A /* Resources */,
			);
			buildRules = (
			);
			dependencies = (
				6C67DFA3252DDED500E2775A /* PBXTargetDependency */,
			);
			name = "Veritabani-CORE-DATUITests";
			productName = "Veritabani-CORE-DATUITests";
			productReference = 6C67DFA1252DDED500E2775A /* Veritabani-CORE-DATUITests.xctest */;
			productType = "com.apple.product-type.bundle.ui-testing";
		};
/* End PBXNativeTarget section */

/* Begin PBXProject section */
		6C67DF75252DDED500E2775A /* Project object */ = {
			isa = PBXProject;
			attributes = {
				LastSwiftUpdateCheck = 1200;
				LastUpgradeCheck = 1200;
				TargetAttributes = {
					6C67DF7C252DDED500E2775A = {
						CreatedOnToolsVersion = 12.0;
					};
					6C67DF95252DDED500E2775A = {
						CreatedOnToolsVersion = 12.0;
						TestTargetID = 6C67DF7C252DDED500E2775A;
					};
					6C67DFA0252DDED500E2775A = {
						CreatedOnToolsVersion = 12.0;
						TestTargetID = 6C67DF7C252DDED500E2775A;
					};
				};
			};
			buildConfigurationList = 6C67DF78252DDED500E2775A /* Build configuration list for PBXProject "Veritabani-CORE-DAT" */;
			compatibilityVersion = "Xcode 9.3";
			developmentRegion = en;
			hasScannedForEncodings = 0;
			knownRegions = (
				en,
				Base,
			);
			mainGroup = 6C67DF74252DDED500E2775A;
			productRefGroup = 6C67DF7E252DDED500E2775A /* Products */;
			projectDirPath = "";
			projectRoot = "";
			targets = (
				6C67DF7C252DDED500E2775A /* Veritabani-CORE-DAT */,
				6C67DF95252DDED500E2775A /* Veritabani-CORE-DATTests */,
				6C67DFA0252DDED500E2775A /* Veritabani-CORE-DATUITests */,
			);
		};
/* End PBXProject section */

/* Begin PBXResourcesBuildPhase section */
		6C67DF7B252DDED500E2775A /* Resources */ = {
			isa = PBXResourcesBuildPhase;
			buildActionMask = 2147483647;
			files = (
				6C67DF90252DDED500E2775A /* LaunchScreen.storyboard in Resources */,
				6C67DF8D252DDED500E2775A /* Assets.xcassets in Resources */,
				6C67DF88252DDED500E2775A /* Main.storyboard in Resources */,
			);
			runOnlyForDeploymentPostprocessing = 0;
		};
		6C67DF94252DDED500E2775A /* Resources */ = {
			isa = PBXResourcesBuildPhase;
			buildActionMask = 2147483647;
			files = (
			);
			runOnlyForDeploymentPostprocessing = 0;
		};
		6C67DF9F252DDED500E2775A /* Resources */ = {
			isa = PBXResourcesBuildPhase;
			buildActionMask = 2147483647;
			files = (
			);
			runOnlyForDeploymentPostprocessing = 0;
		};
/* End PBXResourcesBuildPhase section */

/* Begin PBXSourcesBuildPhase section */
		6C67DF79252DDED500E2775A /* Sources */ = {
			isa = PBXSourcesBuildPhase;
			buildActionMask = 2147483647;
			files = (
				6C67DF85252DDED500E2775A /* ViewController.swift in Sources */,
				6C67DF81252DDED500E2775A /* AppDelegate.swift in Sources */,
				6C67DF8B252DDED500E2775A /* Veritabani_CORE_DAT.xcdatamodeld in Sources */,
				6C67DF83252DDED500E2775A /* SceneDelegate.swift in Sources */,
				6C67DFB7252DE0F700E2775A /* DetailsViewController.swift in Sources */,
			);
			runOnlyForDeploymentPostprocessing = 0;
		};
		6C67DF92252DDED500E2775A /* Sources */ = {
			isa = PBXSourcesBuildPhase;
			buildActionMask = 2147483647;
			files = (
				6C67DF9B252DDED500E2775A /* Veritabani_CORE_DATTests.swift in Sources */,
			);
			runOnlyForDeploymentPostprocessing = 0;
		};
		6C67DF9D252DDED500E2775A /* Sources */ = {
			isa = PBXSourcesBuildPhase;
			buildActionMask = 2147483647;
			files = (
				6C67DFA6252DDED500E2775A /* Veritabani_CORE_DATUITests.swift in Sources */,
			);
			runOnlyForDeploymentPostprocessing = 0;
		};
/* End PBXSourcesBuildPhase section */

/* Begin PBXTargetDependency section */
		6C67DF98252DDED500E2775A /* PBXTargetDependency */ = {
			isa = PBXTargetDependency;
			target = 6C67DF7C252DDED500E2775A /* Veritabani-CORE-DAT */;
			targetProxy = 6C67DF97252DDED500E2775A /* PBXContainerItemProxy */;
		};
		6C67DFA3252DDED500E2775A /* PBXTargetDependency */ = {
			isa = PBXTargetDependency;
			target = 6C67DF7C252DDED500E2775A /* Veritabani-CORE-DAT */;
			targetProxy = 6C67DFA2252DDED500E2775A /* PBXContainerItemProxy */;
		};
/* End PBXTargetDependency section */

/* Begin PBXVariantGroup section */
		6C67DF86252DDED500E2775A /* Main.storyboard */ = {
			isa = PBXVariantGroup;
			children = (
				6C67DF87252DDED500E2775A /* Base */,
			);
			name = Main.storyboard;
			sourceTree = "<group>";
		};
		6C67DF8E252DDED500E2775A /* LaunchScreen.storyboard */ = {
			isa = PBXVariantGroup;
			children = (
				6C67DF8F252DDED500E2775A /* Base */,
			);
			name = LaunchScreen.storyboard;
			sourceTree = "<group>";
		};
/* End PBXVariantGroup section */

/* Begin XCBuildConfiguration section */
		6C67DFA8252DDED600E2775A /* Debug */ = {
			isa = XCBuildConfiguration;
			buildSettings = {
				ALWAYS_SEARCH_USER_PATHS = NO;
				CLANG_ANALYZER_NONNULL = YES;
				CLANG_ANALYZER_NUMBER_OBJECT_CONVERSION = YES_AGGRESSIVE;
				CLANG_CXX_LANGUAGE_STANDARD = "gnu++14";
				CLANG_CXX_LIBRARY = "libc++";
				CLANG_ENABLE_MODULES = YES;
				CLANG_ENABLE_OBJC_ARC = YES;
				CLANG_ENABLE_OBJC_WEAK = YES;
				CLANG_WARN_BLOCK_CAPTURE_AUTORELEASING = YES;
				CLANG_WARN_BOOL_CONVERSION = YES;
				CLANG_WARN_COMMA = YES;
				CLANG_WARN_CONSTANT_CONVERSION = YES;
				CLANG_WARN_DEPRECATED_OBJC_IMPLEMENTATIONS = YES;
				CLANG_WARN_DIRECT_OBJC_ISA_USAGE = YES_ERROR;
				CLANG_WARN_DOCUMENTATION_COMMENTS = YES;
				CLANG_WARN_EMPTY_BODY = YES;
				CLANG_WARN_ENUM_CONVERSION = YES;
				CLANG_WARN_INFINITE_RECURSION = YES;
				CLANG_WARN_INT_CONVERSION = YES;
				CLANG_WARN_NON_LITERAL_NULL_CONVERSION = YES;
				CLANG_WARN_OBJC_IMPLICIT_RETAIN_SELF = YES;
				CLANG_WARN_OBJC_LITERAL_CONVERSION = YES;
				CLANG_WARN_OBJC_ROOT_CLASS = YES_ERROR;
				CLANG_WARN_QUOTED_INCLUDE_IN_FRAMEWORK_HEADER = YES;
				CLANG_WARN_RANGE_LOOP_ANALYSIS = YES;
				CLANG_WARN_STRICT_PROTOTYPES = YES;
				CLANG_WARN_SUSPICIOUS_MOVE = YES;
				CLANG_WARN_UNGUARDED_AVAILABILITY = YES_AGGRESSIVE;
				CLANG_WARN_UNREACHABLE_CODE = YES;
				CLANG_WARN__DUPLICATE_METHOD_MATCH = YES;
				COPY_PHASE_STRIP = NO;
				DEBUG_INFORMATION_FORMAT = dwarf;
				ENABLE_STRICT_OBJC_MSGSEND = YES;
				ENABLE_TESTABILITY = YES;
				GCC_C_LANGUAGE_STANDARD = gnu11;
				GCC_DYNAMIC_NO_PIC = NO;
				GCC_NO_COMMON_BLOCKS = YES;
				GCC_OPTIMIZATION_LEVEL = 0;
				GCC_PREPROCESSOR_DEFINITIONS = (
					"DEBUG=1",
					"$(inherited)",
				);
				GCC_WARN_64_TO_32_BIT_CONVERSION = YES;
				GCC_WARN_ABOUT_RETURN_TYPE = YES_ERROR;
				GCC_WARN_UNDECLARED_SELECTOR = YES;
				GCC_WARN_UNINITIALIZED_AUTOS = YES_AGGRESSIVE;
				GCC_WARN_UNUSED_FUNCTION = YES;
				GCC_WARN_UNUSED_VARIABLE = YES;
				IPHONEOS_DEPLOYMENT_TARGET = 14.0;
				MTL_ENABLE_DEBUG_INFO = INCLUDE_SOURCE;
				MTL_FAST_MATH = YES;
				ONLY_ACTIVE_ARCH = YES;
				SDKROOT = iphoneos;
				SWIFT_ACTIVE_COMPILATION_CONDITIONS = DEBUG;
				SWIFT_OPTIMIZATION_LEVEL = "-Onone";
			};
			name = Debug;
		};
		6C67DFA9252DDED600E2775A /* Release */ = {
			isa = XCBuildConfiguration;
			buildSettings = {
				ALWAYS_SEARCH_USER_PATHS = NO;
				CLANG_ANALYZER_NONNULL = YES;
				CLANG_ANALYZER_NUMBER_OBJECT_CONVERSION = YES_AGGRESSIVE;
				CLANG_CXX_LANGUAGE_STANDARD = "gnu++14";
				CLANG_CXX_LIBRARY = "libc++";
				CLANG_ENABLE_MODULES = YES;
				CLANG_ENABLE_OBJC_ARC = YES;
				CLANG_ENABLE_OBJC_WEAK = YES;
				CLANG_WARN_BLOCK_CAPTURE_AUTORELEASING = YES;
				CLANG_WARN_BOOL_CONVERSION = YES;
				CLANG_WARN_COMMA = YES;
				CLANG_WARN_CONSTANT_CONVERSION = YES;
				CLANG_WARN_DEPRECATED_OBJC_IMPLEMENTATIONS = YES;
				CLANG_WARN_DIRECT_OBJC_ISA_USAGE = YES_ERROR;
				CLANG_WARN_DOCUMENTATION_COMMENTS = YES;
				CLANG_WARN_EMPTY_BODY = YES;
				CLANG_WARN_ENUM_CONVERSION = YES;
				CLANG_WARN_INFINITE_RECURSION = YES;
				CLANG_WARN_INT_CONVERSION = YES;
				CLANG_WARN_NON_LITERAL_NULL_CONVERSION = YES;
				CLANG_WARN_OBJC_IMPLICIT_RETAIN_SELF = YES;
				CLANG_WARN_OBJC_LITERAL_CONVERSION = YES;
				CLANG_WARN_OBJC_ROOT_CLASS = YES_ERROR;
				CLANG_WARN_QUOTED_INCLUDE_IN_FRAMEWORK_HEADER = YES;
				CLANG_WARN_RANGE_LOOP_ANALYSIS = YES;
				CLANG_WARN_STRICT_PROTOTYPES = YES;
				CLANG_WARN_SUSPICIOUS_MOVE = YES;
				CLANG_WARN_UNGUARDED_AVAILABILITY = YES_AGGRESSIVE;
				CLANG_WARN_UNREACHABLE_CODE = YES;
				CLANG_WARN__DUPLICATE_METHOD_MATCH = YES;
				COPY_PHASE_STRIP = NO;
				DEBUG_INFORMATION_FORMAT = "dwarf-with-dsym";
				ENABLE_NS_ASSERTIONS = NO;
				ENABLE_STRICT_OBJC_MSGSEND = YES;
				GCC_C_LANGUAGE_STANDARD = gnu11;
				GCC_NO_COMMON_BLOCKS = YES;
				GCC_WARN_64_TO_32_BIT_CONVERSION = YES;
				GCC_WARN_ABOUT_RETURN_TYPE = YES_ERROR;
				GCC_WARN_UNDECLARED_SELECTOR = YES;
				GCC_WARN_UNINITIALIZED_AUTOS = YES_AGGRESSIVE;
				GCC_WARN_UNUSED_FUNCTION = YES;
				GCC_WARN_UNUSED_VARIABLE = YES;
				IPHONEOS_DEPLOYMENT_TARGET = 14.0;
				MTL_ENABLE_DEBUG_INFO = NO;
				MTL_FAST_MATH = YES;
				SDKROOT = iphoneos;
				SWIFT_COMPILATION_MODE = wholemodule;
				SWIFT_OPTIMIZATION_LEVEL = "-O";
				VALIDATE_PRODUCT = YES;
			};
			name = Release;
		};
		6C67DFAB252DDED600E2775A /* Debug */ = {
			isa = XCBuildConfiguration;
			buildSettings = {
				ASSETCATALOG_COMPILER_APPICON_NAME = AppIcon;
				ASSETCATALOG_COMPILER_GLOBAL_ACCENT_COLOR_NAME = AccentColor;
				CODE_SIGN_STYLE = Automatic;
				DEVELOPMENT_TEAM = XHH4CM69KV;
				INFOPLIST_FILE = "Veritabani-CORE-DAT/Info.plist";
				LD_RUNPATH_SEARCH_PATHS = (
					"$(inherited)",
					"@executable_path/Frameworks",
				);
				PRODUCT_BUNDLE_IDENTIFIER = "com.yunusmakan.Veritabani-CORE-DAT";
				PRODUCT_NAME = "$(TARGET_NAME)";
				SWIFT_VERSION = 5.0;
				TARGETED_DEVICE_FAMILY = "1,2";
			};
			name = Debug;
		};
		6C67DFAC252DDED600E2775A /* Release */ = {
			isa = XCBuildConfiguration;
			buildSettings = {
				ASSETCATALOG_COMPILER_APPICON_NAME = AppIcon;
				ASSETCATALOG_COMPILER_GLOBAL_ACCENT_COLOR_NAME = AccentColor;
				CODE_SIGN_STYLE = Automatic;
				DEVELOPMENT_TEAM = XHH4CM69KV;
				INFOPLIST_FILE = "Veritabani-CORE-DAT/Info.plist";
				LD_RUNPATH_SEARCH_PATHS = (
					"$(inherited)",
					"@executable_path/Frameworks",
				);
				PRODUCT_BUNDLE_IDENTIFIER = "com.yunusmakan.Veritabani-CORE-DAT";
				PRODUCT_NAME = "$(TARGET_NAME)";
				SWIFT_VERSION = 5.0;
				TARGETED_DEVICE_FAMILY = "1,2";
			};
			name = Release;
		};
		6C67DFAE252DDED600E2775A /* Debug */ = {
			isa = XCBuildConfiguration;
			buildSettings = {
				ALWAYS_EMBED_SWIFT_STANDARD_LIBRARIES = YES;
				BUNDLE_LOADER = "$(TEST_HOST)";
				CODE_SIGN_STYLE = Automatic;
				DEVELOPMENT_TEAM = XHH4CM69KV;
				INFOPLIST_FILE = "Veritabani-CORE-DATTests/Info.plist";
				IPHONEOS_DEPLOYMENT_TARGET = 14.0;
				LD_RUNPATH_SEARCH_PATHS = (
					"$(inherited)",
					"@executable_path/Frameworks",
					"@loader_path/Frameworks",
				);
				PRODUCT_BUNDLE_IDENTIFIER = "com.yunusmakan.Veritabani-CORE-DATTests";
				PRODUCT_NAME = "$(TARGET_NAME)";
				SWIFT_VERSION = 5.0;
				TARGETED_DEVICE_FAMILY = "1,2";
				TEST_HOST = "$(BUILT_PRODUCTS_DIR)/Veritabani-CORE-DAT.app/Veritabani-CORE-DAT";
			};
			name = Debug;
		};
		6C67DFAF252DDED600E2775A /* Release */ = {
			isa = XCBuildConfiguration;
			buildSettings = {
				ALWAYS_EMBED_SWIFT_STANDARD_LIBRARIES = YES;
				BUNDLE_LOADER = "$(TEST_HOST)";
				CODE_SIGN_STYLE = Automatic;
				DEVELOPMENT_TEAM = XHH4CM69KV;
				INFOPLIST_FILE = "Veritabani-CORE-DATTests/Info.plist";
				IPHONEOS_DEPLOYMENT_TARGET = 14.0;
				LD_RUNPATH_SEARCH_PATHS = (
					"$(inherited)",
					"@executable_path/Frameworks",
					"@loader_path/Frameworks",
				);
				PRODUCT_BUNDLE_IDENTIFIER = "com.yunusmakan.Veritabani-CORE-DATTests";
				PRODUCT_NAME = "$(TARGET_NAME)";
				SWIFT_VERSION = 5.0;
				TARGETED_DEVICE_FAMILY = "1,2";
				TEST_HOST = "$(BUILT_PRODUCTS_DIR)/Veritabani-CORE-DAT.app/Veritabani-CORE-DAT";
			};
			name = Release;
		};
		6C67DFB1252DDED600E2775A /* Debug */ = {
			isa = XCBuildConfiguration;
			buildSettings = {
				ALWAYS_EMBED_SWIFT_STANDARD_LIBRARIES = YES;
				CODE_SIGN_STYLE = Automatic;
				DEVELOPMENT_TEAM = XHH4CM69KV;
				INFOPLIST_FILE = "Veritabani-CORE-DATUITests/Info.plist";
				LD_RUNPATH_SEARCH_PATHS = (
					"$(inherited)",
					"@executable_path/Frameworks",
					"@loader_path/Frameworks",
				);
				PRODUCT_BUNDLE_IDENTIFIER = "com.yunusmakan.Veritabani-CORE-DATUITests";
				PRODUCT_NAME = "$(TARGET_NAME)";
				SWIFT_VERSION = 5.0;
				TARGETED_DEVICE_FAMILY = "1,2";
				TEST_TARGET_NAME = "Veritabani-CORE-DAT";
			};
			name = Debug;
		};
		6C67DFB2252DDED600E2775A /* Release */ = {
			isa = XCBuildConfiguration;
			buildSettings = {
				ALWAYS_EMBED_SWIFT_STANDARD_LIBRARIES = YES;
				CODE_SIGN_STYLE = Automatic;
				DEVELOPMENT_TEAM = XHH4CM69KV;
				INFOPLIST_FILE = "Veritabani-CORE-DATUITests/Info.plist";
				LD_RUNPATH_SEARCH_PATHS = (
					"$(inherited)",
					"@executable_path/Frameworks",
					"@loader_path/Frameworks",
				);
				PRODUCT_BUNDLE_IDENTIFIER = "com.yunusmakan.Veritabani-CORE-DATUITests";
				PRODUCT_NAME = "$(TARGET_NAME)";
				SWIFT_VERSION = 5.0;
				TARGETED_DEVICE_FAMILY = "1,2";
				TEST_TARGET_NAME = "Veritabani-CORE-DAT";
			};
			name = Release;
		};
/* End XCBuildConfiguration section */

/* Begin XCConfigurationList section */
		6C67DF78252DDED500E2775A /* Build configuration list for PBXProject "Veritabani-CORE-DAT" */ = {
			isa = XCConfigurationList;
			buildConfigurations = (
				6C67DFA8252DDED600E2775A /* Debug */,
				6C67DFA9252DDED600E2775A /* Release */,
			);
			defaultConfigurationIsVisible = 0;
			defaultConfigurationName = Release;
		};
		6C67DFAA252DDED600E2775A /* Build configuration list for PBXNativeTarget "Veritabani-CORE-DAT" */ = {
			isa = XCConfigurationList;
			buildConfigurations = (
				6C67DFAB252DDED600E2775A /* Debug */,
				6C67DFAC252DDED600E2775A /* Release */,
			);
			defaultConfigurationIsVisible = 0;
			defaultConfigurationName = Release;
		};
		6C67DFAD252DDED600E2775A /* Build configuration list for PBXNativeTarget "Veritabani-CORE-DATTests" */ = {
			isa = XCConfigurationList;
			buildConfigurations = (
				6C67DFAE252DDED600E2775A /* Debug */,
				6C67DFAF252DDED600E2775A /* Release */,
			);
			defaultConfigurationIsVisible = 0;
			defaultConfigurationName = Release;
		};
		6C67DFB0252DDED600E2775A /* Build configuration list for PBXNativeTarget "Veritabani-CORE-DATUITests" */ = {
			isa = XCConfigurationList;
			buildConfigurations = (
				6C67DFB1252DDED600E2775A /* Debug */,
				6C67DFB2252DDED600E2775A /* Release */,
			);
			defaultConfigurationIsVisible = 0;
			defaultConfigurationName = Release;
		};
/* End XCConfigurationList section */

/* Begin XCVersionGroup section */
		6C67DF89252DDED500E2775A /* Veritabani_CORE_DAT.xcdatamodeld */ = {
			isa = XCVersionGroup;
			children = (
				6C67DF8A252DDED500E2775A /* Veritabani_CORE_DAT.xcdatamodel */,
			);
			currentVersion = 6C67DF8A252DDED500E2775A /* Veritabani_CORE_DAT.xcdatamodel */;
			path = Veritabani_CORE_DAT.xcdatamodeld;
			sourceTree = "<group>";
			versionGroupType = wrapper.xcdatamodel;
		};
/* End XCVersionGroup section */
	};
	rootObject = 6C67DF75252DDED500E2775A /* Project object */;
}
